
Microsoft Visual Studio Solution File, Format Version 12.00
# Visual Studio Version 17
VisualStudioVersion = 17.14.36518.9
MinimumVisualStudioVersion = 10.0.40219.1
Project("{FAE04EC0-301F-11D3-BF4B-00C04F79EFBC}") = "BookStore.API", "BookStore.API\BookStore.API.csproj", "{68138B70-9DDE-47B2-ADBA-866AE7357DEC}"
EndProject
Project("{FAE04EC0-301F-11D3-BF4B-00C04F79EFBC}") = "BookStore.Core", "BookStore.Core\BookStore.Core.csproj", "{C422DE94-C591-447B-B24C-81C63176B1E0}"
EndProject
Project("{FAE04EC0-301F-11D3-BF4B-00C04F79EFBC}") = "BookStore.DataAccess", "BookStore.DataAccess\BookStore.DataAccess.csproj", "{25725BCD-F986-471A-8DB2-28D586946CBA}"
EndProject
Project("{FAE04EC0-301F-11D3-BF4B-00C04F79EFBC}") = "BookStore.Application", "BookStore.Application\BookStore.Application.csproj", "{05037A6E-D539-4C92-B5C1-7E8F85E5AF6D}"
EndProject
Global
	GlobalSection(SolutionConfigurationPlatforms) = preSolution
		Debug|Any CPU = Debug|Any CPU
		Release|Any CPU = Release|Any CPU
	EndGlobalSection
	GlobalSection(ProjectConfigurationPlatforms) = postSolution
		{68138B70-9DDE-47B2-ADBA-866AE7357DEC}.Debug|Any CPU.ActiveCfg = Debug|Any CPU
		{68138B70-9DDE-47B2-ADBA-866AE7357DEC}.Debug|Any CPU.Build.0 = Debug|Any CPU
		{68138B70-9DDE-47B2-ADBA-866AE7357DEC}.Release|Any CPU.ActiveCfg = Release|Any CPU
		{68138B70-9DDE-47B2-ADBA-866AE7357DEC}.Release|Any CPU.Build.0 = Release|Any CPU
		{C422DE94-C591-447B-B24C-81C63176B1E0}.Debug|Any CPU.ActiveCfg = Debug|Any CPU
		{C422DE94-C591-447B-B24C-81C63176B1E0}.Debug|Any CPU.Build.0 = Debug|Any CPU
		{C422DE94-C591-447B-B24C-81C63176B1E0}.Release|Any CPU.ActiveCfg = Release|Any CPU
		{C422DE94-C591-447B-B24C-81C63176B1E0}.Release|Any CPU.Build.0 = Release|Any CPU
		{25725BCD-F986-471A-8DB2-28D586946CBA}.Debug|Any CPU.ActiveCfg = Debug|Any CPU
		{25725BCD-F986-471A-8DB2-28D586946CBA}.Debug|Any CPU.Build.0 = Debug|Any CPU
		{25725BCD-F986-471A-8DB2-28D586946CBA}.Release|Any CPU.ActiveCfg = Release|Any CPU
		{25725BCD-F986-471A-8DB2-28D586946CBA}.Release|Any CPU.Build.0 = Release|Any CPU
		{05037A6E-D539-4C92-B5C1-7E8F85E5AF6D}.Debug|Any CPU.ActiveCfg = Debug|Any CPU
		{05037A6E-D539-4C92-B5C1-7E8F85E5AF6D}.Debug|Any CPU.Build.0 = Debug|Any CPU
		{05037A6E-D539-4C92-B5C1-7E8F85E5AF6D}.Release|Any CPU.ActiveCfg = Release|Any CPU
		{05037A6E-D539-4C92-B5C1-7E8F85E5AF6D}.Release|Any CPU.Build.0 = Release|Any CPU
	EndGlobalSection
	GlobalSection(SolutionProperties) = preSolution
		HideSolutionNode = FALSE
	EndGlobalSection
	GlobalSection(ExtensibilityGlobals) = postSolution
		SolutionGuid = {9BBD065C-A2B7-4738-9435-493720DDC9F5}
	EndGlobalSection
EndGlobal
